// !$*UTF8*$!
{
	archiveVersion = 1;
	classes = {
	};
	objectVersion = 56;
	objects = {

/* Begin PBXFileReference section */
		9FDA06A929960B09004DA01B /* Chapter0-はじめに.playground */ = {isa = PBXFileReference; lastKnownFileType = file.playground; path = "Chapter0-はじめに.playground"; sourceTree = "<group>"; xcLanguageSpecificationIdentifier = xcode.lang.swift; };
		9FDA06AA29960B29004DA01B /* Chapter3-数値演算子.playground */ = {isa = PBXFileReference; lastKnownFileType = file.playground; path = "Chapter3-数値演算子.playground"; sourceTree = "<group>"; xcLanguageSpecificationIdentifier = xcode.lang.swift; };
		9FDA06AB29960B6B004DA01B /* Chapter2-型.playground */ = {isa = PBXFileReference; lastKnownFileType = file.playground; path = "Chapter2-型.playground"; sourceTree = "<group>"; xcLanguageSpecificationIdentifier = xcode.lang.swift; };
		9FDA06AC29960BE4004DA01B /* Chapter1-変数.playground */ = {isa = PBXFileReference; lastKnownFileType = file.playground; path = "Chapter1-変数.playground"; sourceTree = "<group>"; xcLanguageSpecificationIdentifier = xcode.lang.swift; };
		9FDA06AD29960C10004DA01B /* Chapter4-型変換.playground */ = {isa = PBXFileReference; lastKnownFileType = file.playground; path = "Chapter4-型変換.playground"; sourceTree = "<group>"; xcLanguageSpecificationIdentifier = xcode.lang.swift; };
		9FDA06AE29960CB6004DA01B /* Chapter5-文字列の連結と埋め込み.playground */ = {isa = PBXFileReference; lastKnownFileType = file.playground; path = "Chapter5-文字列の連結と埋め込み.playground"; sourceTree = "<group>"; xcLanguageSpecificationIdentifier = xcode.lang.swift; };
		9FDA06AF29960CEE004DA01B /* Chapter7-条件式.playground */ = {isa = PBXFileReference; lastKnownFileType = file.playground; path = "Chapter7-条件式.playground"; sourceTree = "<group>"; xcLanguageSpecificationIdentifier = xcode.lang.swift; };
		9FDA06B029960D39004DA01B /* [任意]Chapter10-Optional型.playground */ = {isa = PBXFileReference; lastKnownFileType = file.playground; path = "[任意]Chapter10-Optional型.playground"; sourceTree = "<group>"; xcLanguageSpecificationIdentifier = xcode.lang.swift; };
		9FDA06B129960DC6004DA01B /* Chapter6-配列.playground */ = {isa = PBXFileReference; lastKnownFileType = file.playground; path = "Chapter6-配列.playground"; sourceTree = "<group>"; xcLanguageSpecificationIdentifier = xcode.lang.swift; };
		9FDA06B229960E95004DA01B /* Chapter9-繰り返し.playground */ = {isa = PBXFileReference; lastKnownFileType = file.playground; path = "Chapter9-繰り返し.playground"; sourceTree = "<group>"; xcLanguageSpecificationIdentifier = xcode.lang.swift; };
		9FDA06B329960EA6004DA01B /* Chapter8-関数.playground */ = {isa = PBXFileReference; lastKnownFileType = file.playground; path = "Chapter8-関数.playground"; sourceTree = "<group>"; xcLanguageSpecificationIdentifier = xcode.lang.swift; };
		9FDA06B429960F05004DA01B /* [任意]Chapter11-クラス.playground */ = {isa = PBXFileReference; lastKnownFileType = file.playground; path = "[任意]Chapter11-クラス.playground"; sourceTree = "<group>"; xcLanguageSpecificationIdentifier = xcode.lang.swift; };
/* End PBXFileReference section */

/* Begin PBXGroup section */
		9FDA06A229960ACC004DA01B = {
			isa = PBXGroup;
			children = (
				9FDA06A929960B09004DA01B /* Chapter0-はじめに.playground */,
				9FDA06AC29960BE4004DA01B /* Chapter1-変数.playground */,
				9FDA06AB29960B6B004DA01B /* Chapter2-型.playground */,
				9FDA06AA29960B29004DA01B /* Chapter3-数値演算子.playground */,
				9FDA06AD29960C10004DA01B /* Chapter4-型変換.playground */,
				9FDA06AE29960CB6004DA01B /* Chapter5-文字列の連結と埋め込み.playground */,
				9FDA06B129960DC6004DA01B /* Chapter6-配列.playground */,
				9FDA06AF29960CEE004DA01B /* Chapter7-条件式.playground */,
				9FDA06B329960EA6004DA01B /* Chapter8-関数.playground */,
				9FDA06B229960E95004DA01B /* Chapter9-繰り返し.playground */,
				9FDA06B029960D39004DA01B /* [任意]Chapter10-Optional型.playground */,
				9FDA06B429960F05004DA01B /* [任意]Chapter11-クラス.playground */,
			);
			sourceTree = "<group>";
		};
/* End PBXGroup section */

/* Begin PBXProject section */
		9FDA06A329960ACC004DA01B /* Project object */ = {
			isa = PBXProject;
			attributes = {
				BuildIndependentTargetsInParallel = 1;
				LastUpgradeCheck = 1420;
			};
			buildConfigurationList = 9FDA06A629960ACC004DA01B /* Build configuration list for PBXProject "SwiftBasics" */;
			compatibilityVersion = "Xcode 14.0";
			developmentRegion = en;
			hasScannedForEncodings = 0;
			knownRegions = (
				en,
				Base,
			);
			mainGroup = 9FDA06A229960ACC004DA01B;
			projectDirPath = "";
			projectRoot = "";
			targets = (
			);
		};
/* End PBXProject section */

/* Begin XCBuildConfiguration section */
		9FDA06A729960ACC004DA01B /* Debug */ = {
			isa = XCBuildConfiguration;
			buildSettings = {
			};
			name = Debug;
		};
		9FDA06A829960ACC004DA01B /* Release */ = {
			isa = XCBuildConfiguration;
			buildSettings = {
			};
			name = Release;
		};
/* End XCBuildConfiguration section */

/* Begin XCConfigurationList section */
		9FDA06A629960ACC004DA01B /* Build configuration list for PBXProject "SwiftBasics" */ = {
			isa = XCConfigurationList;
			buildConfigurations = (
				9FDA06A729960ACC004DA01B /* Debug */,
				9FDA06A829960ACC004DA01B /* Release */,
			);
			defaultConfigurationIsVisible = 0;
			defaultConfigurationName = Release;
		};
/* End XCConfigurationList section */
	};
	rootObject = 9FDA06A329960ACC004DA01B /* Project object */;
}
